
Microsoft Visual Studio Solution File, Format Version 12.00
# Visual Studio Version 16
VisualStudioVersion = 16.0.30717.126
MinimumVisualStudioVersion = 10.0.40219.1
Project("{FAE04EC0-301F-11D3-BF4B-00C04F79EFBC}") = "Sparkle_Capstone", "Sparkle_Capstone\Sparkle_Capstone.csproj", "{95626D84-517D-47A1-888F-FE3D8A390736}"
EndProject
Global
	GlobalSection(SolutionConfigurationPlatforms) = preSolution
		Debug|Any CPU = Debug|Any CPU
		Release|Any CPU = Release|Any CPU
	EndGlobalSection
	GlobalSection(ProjectConfigurationPlatforms) = postSolution
		{95626D84-517D-47A1-888F-FE3D8A390736}.Debug|Any CPU.ActiveCfg = Debug|Any CPU
		{95626D84-517D-47A1-888F-FE3D8A390736}.Debug|Any CPU.Build.0 = Debug|Any CPU
		{95626D84-517D-47A1-888F-FE3D8A390736}.Release|Any CPU.ActiveCfg = Release|Any CPU
		{95626D84-517D-47A1-888F-FE3D8A390736}.Release|Any CPU.Build.0 = Release|Any CPU
	EndGlobalSection
	GlobalSection(SolutionProperties) = preSolution
		HideSolutionNode = FALSE
	EndGlobalSection
	GlobalSection(ExtensibilityGlobals) = postSolution
		SolutionGuid = {63E70024-610A-4F27-A352-DB291352A66D}
	EndGlobalSection
EndGlobal
